// !$*UTF8*$!
{
	archiveVersion = 1;
	classes = {
	};
	objectVersion = 46;
	objects = {

/* Begin PBXBuildFile section */
		B0F2EA371E7D80A5007074F7 /* AppDelegate.swift in Sources */ = {isa = PBXBuildFile; fileRef = B0F2EA361E7D80A5007074F7 /* AppDelegate.swift */; };
		B0F2EA391E7D80A5007074F7 /* ViewController.swift in Sources */ = {isa = PBXBuildFile; fileRef = B0F2EA381E7D80A5007074F7 /* ViewController.swift */; };
		B0F2EA3C1E7D80A5007074F7 /* Main.storyboard in Resources */ = {isa = PBXBuildFile; fileRef = B0F2EA3A1E7D80A5007074F7 /* Main.storyboard */; };
		B0F2EA3E1E7D80A5007074F7 /* Assets.xcassets in Resources */ = {isa = PBXBuildFile; fileRef = B0F2EA3D1E7D80A5007074F7 /* Assets.xcassets */; };
		B0F2EA411E7D80A5007074F7 /* LaunchScreen.storyboard in Resources */ = {isa = PBXBuildFile; fileRef = B0F2EA3F1E7D80A5007074F7 /* LaunchScreen.storyboard */; };
		B0F2EA4A1E7D8108007074F7 /* BrightnessExtension.swift in Sources */ = {isa = PBXBuildFile; fileRef = B0F2EA481E7D8108007074F7 /* BrightnessExtension.swift */; };
		B0F2EA4B1E7D8108007074F7 /* ColorPicker.swift in Sources */ = {isa = PBXBuildFile; fileRef = B0F2EA491E7D8108007074F7 /* ColorPicker.swift */; };
/* End PBXBuildFile section */

/* Begin PBXFileReference section */
		B0F2EA331E7D80A5007074F7 /* SwiftColorPicker.app */ = {isa = PBXFileReference; explicitFileType = wrapper.application; includeInIndex = 0; path = SwiftColorPicker.app; sourceTree = BUILT_PRODUCTS_DIR; };
		B0F2EA361E7D80A5007074F7 /* AppDelegate.swift */ = {isa = PBXFileReference; lastKnownFileType = sourcecode.swift; path = AppDelegate.swift; sourceTree = "<group>"; };
		B0F2EA381E7D80A5007074F7 /* ViewController.swift */ = {isa = PBXFileReference; lastKnownFileType = sourcecode.swift; path = ViewController.swift; sourceTree = "<group>"; };
		B0F2EA3B1E7D80A5007074F7 /* Base */ = {isa = PBXFileReference; lastKnownFileType = file.storyboard; name = Base; path = Base.lproj/Main.storyboard; sourceTree = "<group>"; };
		B0F2EA3D1E7D80A5007074F7 /* Assets.xcassets */ = {isa = PBXFileReference; lastKnownFileType = folder.assetcatalog; path = Assets.xcassets; sourceTree = "<group>"; };
		B0F2EA401E7D80A5007074F7 /* Base */ = {isa = PBXFileReference; lastKnownFileType = file.storyboard; name = Base; path = Base.lproj/LaunchScreen.storyboard; sourceTree = "<group>"; };
		B0F2EA421E7D80A5007074F7 /* Info.plist */ = {isa = PBXFileReference; lastKnownFileType = text.plist.xml; path = Info.plist; sourceTree = "<group>"; };
		B0F2EA481E7D8108007074F7 /* BrightnessExtension.swift */ = {isa = PBXFileReference; fileEncoding = 4; lastKnownFileType = sourcecode.swift; path = BrightnessExtension.swift; sourceTree = "<group>"; };
		B0F2EA491E7D8108007074F7 /* ColorPicker.swift */ = {isa = PBXFileReference; fileEncoding = 4; lastKnownFileType = sourcecode.swift; path = ColorPicker.swift; sourceTree = "<group>"; };
/* End PBXFileReference section */

/* Begin PBXFrameworksBuildPhase section */
		B0F2EA301E7D80A5007074F7 /* Frameworks */ = {
			isa = PBXFrameworksBuildPhase;
			buildActionMask = 2147483647;
			files = (
			);
			runOnlyForDeploymentPostprocessing = 0;
		};
/* End PBXFrameworksBuildPhase section */

/* Begin PBXGroup section */
		B0F2EA2A1E7D80A5007074F7 = {
			isa = PBXGroup;
			children = (
				B0F2EA351E7D80A5007074F7 /* SwiftColorPicker */,
				B0F2EA341E7D80A5007074F7 /* Products */,
			);
			sourceTree = "<group>";
		};
		B0F2EA341E7D80A5007074F7 /* Products */ = {
			isa = PBXGroup;
			children = (
				B0F2EA331E7D80A5007074F7 /* SwiftColorPicker.app */,
			);
			name = Products;
			sourceTree = "<group>";
		};
		B0F2EA351E7D80A5007074F7 /* SwiftColorPicker */ = {
			isa = PBXGroup;
			children = (
				B0F2EA361E7D80A5007074F7 /* AppDelegate.swift */,
				B0F2EA381E7D80A5007074F7 /* ViewController.swift */,
				B0F2EA481E7D8108007074F7 /* BrightnessExtension.swift */,
				B0F2EA491E7D8108007074F7 /* ColorPicker.swift */,
				B0F2EA3A1E7D80A5007074F7 /* Main.storyboard */,
				B0F2EA3D1E7D80A5007074F7 /* Assets.xcassets */,
				B0F2EA3F1E7D80A5007074F7 /* LaunchScreen.storyboard */,
				B0F2EA421E7D80A5007074F7 /* Info.plist */,
			);
			path = SwiftColorPicker;
			sourceTree = "<group>";
		};
/* End PBXGroup section */

/* Begin PBXNativeTarget section */
		B0F2EA321E7D80A5007074F7 /* SwiftColorPicker */ = {
			isa = PBXNativeTarget;
			buildConfigurationList = B0F2EA451E7D80A5007074F7 /* Build configuration list for PBXNativeTarget "SwiftColorPicker" */;
			buildPhases = (
				B0F2EA2F1E7D80A5007074F7 /* Sources */,
				B0F2EA301E7D80A5007074F7 /* Frameworks */,
				B0F2EA311E7D80A5007074F7 /* Resources */,
			);
			buildRules = (
			);
			dependencies = (
			);
			name = SwiftColorPicker;
			productName = SwiftColorPicker;
			productReference = B0F2EA331E7D80A5007074F7 /* SwiftColorPicker.app */;
			productType = "com.apple.product-type.application";
		};
/* End PBXNativeTarget section */

/* Begin PBXProject section */
		B0F2EA2B1E7D80A5007074F7 /* Project object */ = {
			isa = PBXProject;
			attributes = {
				LastSwiftUpdateCheck = 0820;
				LastUpgradeCheck = 0820;
				ORGANIZATIONNAME = "Sean Smith";
				TargetAttributes = {
					B0F2EA321E7D80A5007074F7 = {
						CreatedOnToolsVersion = 8.2.1;
						DevelopmentTeam = 4632R9FHL5;
						ProvisioningStyle = Automatic;
					};
				};
			};
			buildConfigurationList = B0F2EA2E1E7D80A5007074F7 /* Build configuration list for PBXProject "SwiftColorPicker" */;
			compatibilityVersion = "Xcode 3.2";
			developmentRegion = English;
			hasScannedForEncodings = 0;
			knownRegions = (
				en,
				Base,
			);
			mainGroup = B0F2EA2A1E7D80A5007074F7;
			productRefGroup = B0F2EA341E7D80A5007074F7 /* Products */;
			projectDirPath = "";
			projectRoot = "";
			targets = (
				B0F2EA321E7D80A5007074F7 /* SwiftColorPicker */,
			);
		};
/* End PBXProject section */

/* Begin PBXResourcesBuildPhase section */
		B0F2EA311E7D80A5007074F7 /* Resources */ = {
			isa = PBXResourcesBuildPhase;
			buildActionMask = 2147483647;
			files = (
				B0F2EA411E7D80A5007074F7 /* LaunchScreen.storyboard in Resources */,
				B0F2EA3E1E7D80A5007074F7 /* Assets.xcassets in Resources */,
				B0F2EA3C1E7D80A5007074F7 /* Main.storyboard in Resources */,
			);
			runOnlyForDeploymentPostprocessing = 0;
		};
/* End PBXResourcesBuildPhase section */

/* Begin PBXSourcesBuildPhase section */
		B0F2EA2F1E7D80A5007074F7 /* Sources */ = {
			isa = PBXSourcesBuildPhase;
			buildActionMask = 2147483647;
			files = (
				B0F2EA391E7D80A5007074F7 /* ViewController.swift in Sources */,
				B0F2EA4B1E7D8108007074F7 /* ColorPicker.swift in Sources */,
				B0F2EA371E7D80A5007074F7 /* AppDelegate.swift in Sources */,
				B0F2EA4A1E7D8108007074F7 /* BrightnessExtension.swift in Sources */,
			);
			runOnlyForDeploymentPostprocessing = 0;
		};
/* End PBXSourcesBuildPhase section */

/* Begin PBXVariantGroup section */
		B0F2EA3A1E7D80A5007074F7 /* Main.storyboard */ = {
			isa = PBXVariantGroup;
			children = (
				B0F2EA3B1E7D80A5007074F7 /* Base */,
			);
			name = Main.storyboard;
			sourceTree = "<group>";
		};
		B0F2EA3F1E7D80A5007074F7 /* LaunchScreen.storyboard */ = {
			isa = PBXVariantGroup;
			children = (
				B0F2EA401E7D80A5007074F7 /* Base */,
			);
			name = LaunchScreen.storyboard;
			sourceTree = "<group>";
		};
/* End PBXVariantGroup section */

/* Begin XCBuildConfiguration section */
		B0F2EA431E7D80A5007074F7 /* Debug */ = {
			isa = XCBuildConfiguration;
			buildSettings = {
				ALWAYS_SEARCH_USER_PATHS = NO;
				CLANG_ANALYZER_NONNULL = YES;
				CLANG_CXX_LANGUAGE_STANDARD = "gnu++0x";
				CLANG_CXX_LIBRARY = "libc++";
				CLANG_ENABLE_MODULES = YES;
				CLANG_ENABLE_OBJC_ARC = YES;
				CLANG_WARN_BOOL_CONVERSION = YES;
				CLANG_WARN_CONSTANT_CONVERSION = YES;
				CLANG_WARN_DIRECT_OBJC_ISA_USAGE = YES_ERROR;
				CLANG_WARN_DOCUMENTATION_COMMENTS = YES;
				CLANG_WARN_EMPTY_BODY = YES;
				CLANG_WARN_ENUM_CONVERSION = YES;
				CLANG_WARN_INFINITE_RECURSION = YES;
				CLANG_WARN_INT_CONVERSION = YES;
				CLANG_WARN_OBJC_ROOT_CLASS = YES_ERROR;
				CLANG_WARN_SUSPICIOUS_MOVE = YES;
				CLANG_WARN_UNREACHABLE_CODE = YES;
				CLANG_WARN__DUPLICATE_METHOD_MATCH = YES;
				"CODE_SIGN_IDENTITY[sdk=iphoneos*]" = "iPhone Developer";
				COPY_PHASE_STRIP = NO;
				DEBUG_INFORMATION_FORMAT = dwarf;
				ENABLE_STRICT_OBJC_MSGSEND = YES;
				ENABLE_TESTABILITY = YES;
				GCC_C_LANGUAGE_STANDARD = gnu99;
				GCC_DYNAMIC_NO_PIC = NO;
				GCC_NO_COMMON_BLOCKS = YES;
				GCC_OPTIMIZATION_LEVEL = 0;
				GCC_PREPROCESSOR_DEFINITIONS = (
					"DEBUG=1",
					"$(inherited)",
				);
				GCC_WARN_64_TO_32_BIT_CONVERSION = YES;
				GCC_WARN_ABOUT_RETURN_TYPE = YES_ERROR;
				GCC_WARN_UNDECLARED_SELECTOR = YES;
				GCC_WARN_UNINITIALIZED_AUTOS = YES_AGGRESSIVE;
				GCC_WARN_UNUSED_FUNCTION = YES;
				GCC_WARN_UNUSED_VARIABLE = YES;
				IPHONEOS_DEPLOYMENT_TARGET = 10.2;
				MTL_ENABLE_DEBUG_INFO = YES;
				ONLY_ACTIVE_ARCH = YES;
				SDKROOT = iphoneos;
				SWIFT_ACTIVE_COMPILATION_CONDITIONS = DEBUG;
				SWIFT_OPTIMIZATION_LEVEL = "-Onone";
				TARGETED_DEVICE_FAMILY = "1,2";
			};
			name = Debug;
		};
		B0F2EA441E7D80A5007074F7 /* Release */ = {
			isa = XCBuildConfiguration;
			buildSettings = {
				ALWAYS_SEARCH_USER_PATHS = NO;
				CLANG_ANALYZER_NONNULL = YES;
				CLANG_CXX_LANGUAGE_STANDARD = "gnu++0x";
				CLANG_CXX_LIBRARY = "libc++";
				CLANG_ENABLE_MODULES = YES;
				CLANG_ENABLE_OBJC_ARC = YES;
				CLANG_WARN_BOOL_CONVERSION = YES;
				CLANG_WARN_CONSTANT_CONVERSION = YES;
				CLANG_WARN_DIRECT_OBJC_ISA_USAGE = YES_ERROR;
				CLANG_WARN_DOCUMENTATION_COMMENTS = YES;
				CLANG_WARN_EMPTY_BODY = YES;
				CLANG_WARN_ENUM_CONVERSION = YES;
				CLANG_WARN_INFINITE_RECURSION = YES;
				CLANG_WARN_INT_CONVERSION = YES;
				CLANG_WARN_OBJC_ROOT_CLASS = YES_ERROR;
				CLANG_WARN_SUSPICIOUS_MOVE = YES;
				CLANG_WARN_UNREACHABLE_CODE = YES;
				CLANG_WARN__DUPLICATE_METHOD_MATCH = YES;
				"CODE_SIGN_IDENTITY[sdk=iphoneos*]" = "iPhone Developer";
				COPY_PHASE_STRIP = NO;
				DEBUG_INFORMATION_FORMAT = "dwarf-with-dsym";
				ENABLE_NS_ASSERTIONS = NO;
				ENABLE_STRICT_OBJC_MSGSEND = YES;
				GCC_C_LANGUAGE_STANDARD = gnu99;
				GCC_NO_COMMON_BLOCKS = YES;
				GCC_WARN_64_TO_32_BIT_CONVERSION = YES;
				GCC_WARN_ABOUT_RETURN_TYPE = YES_ERROR;
				GCC_WARN_UNDECLARED_SELECTOR = YES;
				GCC_WARN_UNINITIALIZED_AUTOS = YES_AGGRESSIVE;
				GCC_WARN_UNUSED_FUNCTION = YES;
				GCC_WARN_UNUSED_VARIABLE = YES;
				IPHONEOS_DEPLOYMENT_TARGET = 10.2;
				MTL_ENABLE_DEBUG_INFO = NO;
				SDKROOT = iphoneos;
				SWIFT_OPTIMIZATION_LEVEL = "-Owholemodule";
				TARGETED_DEVICE_FAMILY = "1,2";
				VALIDATE_PRODUCT = YES;
			};
			name = Release;
		};
		B0F2EA461E7D80A5007074F7 /* Debug */ = {
			isa = XCBuildConfiguration;
			buildSettings = {
				ASSETCATALOG_COMPILER_APPICON_NAME = AppIcon;
				DEVELOPMENT_TEAM = 4632R9FHL5;
				INFOPLIST_FILE = SwiftColorPicker/Info.plist;
				LD_RUNPATH_SEARCH_PATHS = "$(inherited) @executable_path/Frameworks";
				PRODUCT_BUNDLE_IDENTIFIER = com.appdevguy.SwiftColorPicker;
				PRODUCT_NAME = "$(TARGET_NAME)";
				SWIFT_VERSION = 3.0;
			};
			name = Debug;
		};
		B0F2EA471E7D80A5007074F7 /* Release */ = {
			isa = XCBuildConfiguration;
			buildSettings = {
				ASSETCATALOG_COMPILER_APPICON_NAME = AppIcon;
				DEVELOPMENT_TEAM = 4632R9FHL5;
				INFOPLIST_FILE = SwiftColorPicker/Info.plist;
				LD_RUNPATH_SEARCH_PATHS = "$(inherited) @executable_path/Frameworks";
				PRODUCT_BUNDLE_IDENTIFIER = com.appdevguy.SwiftColorPicker;
				PRODUCT_NAME = "$(TARGET_NAME)";
				SWIFT_VERSION = 3.0;
			};
			name = Release;
		};
/* End XCBuildConfiguration section */

/* Begin XCConfigurationList section */
		B0F2EA2E1E7D80A5007074F7 /* Build configuration list for PBXProject "SwiftColorPicker" */ = {
			isa = XCConfigurationList;
			buildConfigurations = (
				B0F2EA431E7D80A5007074F7 /* Debug */,
				B0F2EA441E7D80A5007074F7 /* Release */,
			);
			defaultConfigurationIsVisible = 0;
			defaultConfigurationName = Release;
		};
		B0F2EA451E7D80A5007074F7 /* Build configuration list for PBXNativeTarget "SwiftColorPicker" */ = {
			isa = XCConfigurationList;
			buildConfigurations = (
				B0F2EA461E7D80A5007074F7 /* Debug */,
				B0F2EA471E7D80A5007074F7 /* Release */,
			);
			defaultConfigurationIsVisible = 0;
		};
/* End XCConfigurationList section */
	};
	rootObject = B0F2EA2B1E7D80A5007074F7 /* Project object */;
}
